
Microsoft Visual Studio Solution File, Format Version 12.00
# Visual Studio Version 17
VisualStudioVersion = 17.5.33414.496
MinimumVisualStudioVersion = 10.0.40219.1
Project("{9A19103F-16F7-4668-BE54-9A1E7A4F7556}") = "MedicalExams", "MedicalExams.csproj", "{22311C26-DC1F-47DE-8E8F-FCAD739D3454}"
EndProject
Project("{FAE04EC0-301F-11D3-BF4B-00C04F79EFBC}") = "ClassesLibrary", "..\ClassesLibrary\ClassesLibrary.csproj", "{257DD4ED-E321-4D65-9F4A-7BF0EC4283EE}"
EndProject
Project("{9A19103F-16F7-4668-BE54-9A1E7A4F7556}") = "MedicalAPI", "..\MedicalAPI\MedicalAPI.csproj", "{1078F3B8-6902-4366-8E66-6ADAE8D3FF28}"
EndProject
Global
	GlobalSection(SolutionConfigurationPlatforms) = preSolution
		Debug|Any CPU = Debug|Any CPU
		Release|Any CPU = Release|Any CPU
	EndGlobalSection
	GlobalSection(ProjectConfigurationPlatforms) = postSolution
		{22311C26-DC1F-47DE-8E8F-FCAD739D3454}.Debug|Any CPU.ActiveCfg = Debug|Any CPU
		{22311C26-DC1F-47DE-8E8F-FCAD739D3454}.Debug|Any CPU.Build.0 = Debug|Any CPU
		{22311C26-DC1F-47DE-8E8F-FCAD739D3454}.Release|Any CPU.ActiveCfg = Release|Any CPU
		{22311C26-DC1F-47DE-8E8F-FCAD739D3454}.Release|Any CPU.Build.0 = Release|Any CPU
		{257DD4ED-E321-4D65-9F4A-7BF0EC4283EE}.Debug|Any CPU.ActiveCfg = Debug|Any CPU
		{257DD4ED-E321-4D65-9F4A-7BF0EC4283EE}.Debug|Any CPU.Build.0 = Debug|Any CPU
		{257DD4ED-E321-4D65-9F4A-7BF0EC4283EE}.Release|Any CPU.ActiveCfg = Release|Any CPU
		{257DD4ED-E321-4D65-9F4A-7BF0EC4283EE}.Release|Any CPU.Build.0 = Release|Any CPU
		{1078F3B8-6902-4366-8E66-6ADAE8D3FF28}.Debug|Any CPU.ActiveCfg = Debug|Any CPU
		{1078F3B8-6902-4366-8E66-6ADAE8D3FF28}.Debug|Any CPU.Build.0 = Debug|Any CPU
		{1078F3B8-6902-4366-8E66-6ADAE8D3FF28}.Release|Any CPU.ActiveCfg = Release|Any CPU
		{1078F3B8-6902-4366-8E66-6ADAE8D3FF28}.Release|Any CPU.Build.0 = Release|Any CPU
	EndGlobalSection
	GlobalSection(SolutionProperties) = preSolution
		HideSolutionNode = FALSE
	EndGlobalSection
	GlobalSection(ExtensibilityGlobals) = postSolution
		SolutionGuid = {B97929CA-B008-466F-BCAB-0957F983179C}
	EndGlobalSection
EndGlobal
